
Microsoft Visual Studio Solution File, Format Version 12.00
# Visual Studio Version 16
VisualStudioVersion = 16.0.29709.97
MinimumVisualStudioVersion = 10.0.40219.1
Project("{FAE04EC0-301F-11D3-BF4B-00C04F79EFBC}") = "MSPlay", "MSPlay\MSPlay.csproj", "{A845E012-CC2C-4665-B051-B080161E5AB4}"
EndProject
Global
	GlobalSection(SolutionConfigurationPlatforms) = preSolution
		Debug|Any CPU = Debug|Any CPU
		Release|Any CPU = Release|Any CPU
	EndGlobalSection
	GlobalSection(ProjectConfigurationPlatforms) = postSolution
		{A845E012-CC2C-4665-B051-B080161E5AB4}.Debug|Any CPU.ActiveCfg = Debug|Any CPU
		{A845E012-CC2C-4665-B051-B080161E5AB4}.Debug|Any CPU.Build.0 = Debug|Any CPU
		{A845E012-CC2C-4665-B051-B080161E5AB4}.Release|Any CPU.ActiveCfg = Release|Any CPU
		{A845E012-CC2C-4665-B051-B080161E5AB4}.Release|Any CPU.Build.0 = Release|Any CPU
	EndGlobalSection
	GlobalSection(SolutionProperties) = preSolution
		HideSolutionNode = FALSE
	EndGlobalSection
	GlobalSection(ExtensibilityGlobals) = postSolution
		SolutionGuid = {7C951459-A6D5-41D0-A1B3-5DDF651EEA86}
	EndGlobalSection
EndGlobal
